
Microsoft Visual Studio Solution File, Format Version 12.00
# Visual Studio Version 17
VisualStudioVersion = 17.1.32414.318
MinimumVisualStudioVersion = 10.0.40219.1
Project("{FAE04EC0-301F-11D3-BF4B-00C04F79EFBC}") = "Consola", "RotiseriaNuevo\Consola.csproj", "{3971CBB3-A2AD-42C1-A9EA-9443167F966F}"
EndProject
Project("{FAE04EC0-301F-11D3-BF4B-00C04F79EFBC}") = "Logica", "Logica\Logica.csproj", "{B2DECA14-68C6-471F-B002-65211B2451F1}"
EndProject
Project("{FAE04EC0-301F-11D3-BF4B-00C04F79EFBC}") = "WindowsFormsApp1", "WindowsFormsApp1\WindowsFormsApp1.csproj", "{DCF1B5E9-5373-45F3-B868-70CFC75D62C5}"
EndProject
Global
	GlobalSection(SolutionConfigurationPlatforms) = preSolution
		Debug|Any CPU = Debug|Any CPU
		Release|Any CPU = Release|Any CPU
	EndGlobalSection
	GlobalSection(ProjectConfigurationPlatforms) = postSolution
		{3971CBB3-A2AD-42C1-A9EA-9443167F966F}.Debug|Any CPU.ActiveCfg = Debug|Any CPU
		{3971CBB3-A2AD-42C1-A9EA-9443167F966F}.Debug|Any CPU.Build.0 = Debug|Any CPU
		{3971CBB3-A2AD-42C1-A9EA-9443167F966F}.Release|Any CPU.ActiveCfg = Release|Any CPU
		{3971CBB3-A2AD-42C1-A9EA-9443167F966F}.Release|Any CPU.Build.0 = Release|Any CPU
		{B2DECA14-68C6-471F-B002-65211B2451F1}.Debug|Any CPU.ActiveCfg = Debug|Any CPU
		{B2DECA14-68C6-471F-B002-65211B2451F1}.Debug|Any CPU.Build.0 = Debug|Any CPU
		{B2DECA14-68C6-471F-B002-65211B2451F1}.Release|Any CPU.ActiveCfg = Release|Any CPU
		{B2DECA14-68C6-471F-B002-65211B2451F1}.Release|Any CPU.Build.0 = Release|Any CPU
		{DCF1B5E9-5373-45F3-B868-70CFC75D62C5}.Debug|Any CPU.ActiveCfg = Debug|Any CPU
		{DCF1B5E9-5373-45F3-B868-70CFC75D62C5}.Debug|Any CPU.Build.0 = Debug|Any CPU
		{DCF1B5E9-5373-45F3-B868-70CFC75D62C5}.Release|Any CPU.ActiveCfg = Release|Any CPU
		{DCF1B5E9-5373-45F3-B868-70CFC75D62C5}.Release|Any CPU.Build.0 = Release|Any CPU
	EndGlobalSection
	GlobalSection(SolutionProperties) = preSolution
		HideSolutionNode = FALSE
	EndGlobalSection
	GlobalSection(ExtensibilityGlobals) = postSolution
		SolutionGuid = {07163C7A-ADFF-4FA2-9D43-AD1317881B52}
	EndGlobalSection
EndGlobal
